
Microsoft Visual Studio Solution File, Format Version 12.00
# Visual Studio Version 17
VisualStudioVersion = 17.14.36915.13
MinimumVisualStudioVersion = 10.0.40219.1
Project("{FAE04EC0-301F-11D3-BF4B-00C04F79EFBC}") = "Contoso.AI.PolitenessAnalysis", "Contoso.AI.PolitenessAnalysis\Contoso.AI.PolitenessAnalysis.csproj", "{C685D0CA-7924-760A-2D1F-DADCEBB4F56E}"
EndProject
Global
	GlobalSection(SolutionConfigurationPlatforms) = preSolution
		Debug|Any CPU = Debug|Any CPU
		Release|Any CPU = Release|Any CPU
	EndGlobalSection
	GlobalSection(ProjectConfigurationPlatforms) = postSolution
		{C685D0CA-7924-760A-2D1F-DADCEBB4F56E}.Debug|Any CPU.ActiveCfg = Debug|Any CPU
		{C685D0CA-7924-760A-2D1F-DADCEBB4F56E}.Debug|Any CPU.Build.0 = Debug|Any CPU
		{C685D0CA-7924-760A-2D1F-DADCEBB4F56E}.Release|Any CPU.ActiveCfg = Release|Any CPU
		{C685D0CA-7924-760A-2D1F-DADCEBB4F56E}.Release|Any CPU.Build.0 = Release|Any CPU
	EndGlobalSection
	GlobalSection(SolutionProperties) = preSolution
		HideSolutionNode = FALSE
	EndGlobalSection
	GlobalSection(ExtensibilityGlobals) = postSolution
		SolutionGuid = {57FD0C8F-B5B5-47E5-9347-7FAE0FD17419}
	EndGlobalSection
EndGlobal
