
Microsoft Visual Studio Solution File, Format Version 12.00
# Visual Studio Version 17
VisualStudioVersion = 17.14.36915.13
MinimumVisualStudioVersion = 10.0.40219.1
Project("{FAE04EC0-301F-11D3-BF4B-00C04F79EFBC}") = "Contoso.AI.PolitenessAnalyzer", "Contoso.AI.PolitenessAnalyzer\Contoso.AI.PolitenessAnalyzer.csproj", "{0EDA828D-AF36-DA88-D3D7-4FBEAA9D495A}"
EndProject
Project("{FAE04EC0-301F-11D3-BF4B-00C04F79EFBC}") = "Contoso.AI.PolitenessAnalyzer.ConsoleTest", "Contoso.AI.PolitenessAnalyzer.ConsoleTest\Contoso.AI.PolitenessAnalyzer.ConsoleTest.csproj", "{68F5BDA2-04E0-49C6-BBB7-664A9398A859}"
EndProject
Global
	GlobalSection(SolutionConfigurationPlatforms) = preSolution
		Debug|Any CPU = Debug|Any CPU
		Debug|x64 = Debug|x64
		Debug|x86 = Debug|x86
		Release|Any CPU = Release|Any CPU
		Release|x64 = Release|x64
		Release|x86 = Release|x86
	EndGlobalSection
	GlobalSection(ProjectConfigurationPlatforms) = postSolution
		{0EDA828D-AF36-DA88-D3D7-4FBEAA9D495A}.Debug|Any CPU.ActiveCfg = Debug|Any CPU
		{0EDA828D-AF36-DA88-D3D7-4FBEAA9D495A}.Debug|Any CPU.Build.0 = Debug|Any CPU
		{0EDA828D-AF36-DA88-D3D7-4FBEAA9D495A}.Debug|x64.ActiveCfg = Debug|Any CPU
		{0EDA828D-AF36-DA88-D3D7-4FBEAA9D495A}.Debug|x64.Build.0 = Debug|Any CPU
		{0EDA828D-AF36-DA88-D3D7-4FBEAA9D495A}.Debug|x86.ActiveCfg = Debug|Any CPU
		{0EDA828D-AF36-DA88-D3D7-4FBEAA9D495A}.Debug|x86.Build.0 = Debug|Any CPU
		{0EDA828D-AF36-DA88-D3D7-4FBEAA9D495A}.Release|Any CPU.ActiveCfg = Release|Any CPU
		{0EDA828D-AF36-DA88-D3D7-4FBEAA9D495A}.Release|Any CPU.Build.0 = Release|Any CPU
		{0EDA828D-AF36-DA88-D3D7-4FBEAA9D495A}.Release|x64.ActiveCfg = Release|Any CPU
		{0EDA828D-AF36-DA88-D3D7-4FBEAA9D495A}.Release|x64.Build.0 = Release|Any CPU
		{0EDA828D-AF36-DA88-D3D7-4FBEAA9D495A}.Release|x86.ActiveCfg = Release|Any CPU
		{0EDA828D-AF36-DA88-D3D7-4FBEAA9D495A}.Release|x86.Build.0 = Release|Any CPU
		{68F5BDA2-04E0-49C6-BBB7-664A9398A859}.Debug|Any CPU.ActiveCfg = Debug|Any CPU
		{68F5BDA2-04E0-49C6-BBB7-664A9398A859}.Debug|Any CPU.Build.0 = Debug|Any CPU
		{68F5BDA2-04E0-49C6-BBB7-664A9398A859}.Debug|x64.ActiveCfg = Debug|Any CPU
		{68F5BDA2-04E0-49C6-BBB7-664A9398A859}.Debug|x64.Build.0 = Debug|Any CPU
		{68F5BDA2-04E0-49C6-BBB7-664A9398A859}.Debug|x86.ActiveCfg = Debug|Any CPU
		{68F5BDA2-04E0-49C6-BBB7-664A9398A859}.Debug|x86.Build.0 = Debug|Any CPU
		{68F5BDA2-04E0-49C6-BBB7-664A9398A859}.Release|Any CPU.ActiveCfg = Release|Any CPU
		{68F5BDA2-04E0-49C6-BBB7-664A9398A859}.Release|Any CPU.Build.0 = Release|Any CPU
		{68F5BDA2-04E0-49C6-BBB7-664A9398A859}.Release|x64.ActiveCfg = Release|Any CPU
		{68F5BDA2-04E0-49C6-BBB7-664A9398A859}.Release|x64.Build.0 = Release|Any CPU
		{68F5BDA2-04E0-49C6-BBB7-664A9398A859}.Release|x86.ActiveCfg = Release|Any CPU
		{68F5BDA2-04E0-49C6-BBB7-664A9398A859}.Release|x86.Build.0 = Release|Any CPU
	EndGlobalSection
	GlobalSection(SolutionProperties) = preSolution
		HideSolutionNode = FALSE
	EndGlobalSection
	GlobalSection(ExtensibilityGlobals) = postSolution
		SolutionGuid = {57FD0C8F-B5B5-47E5-9347-7FAE0FD17419}
	EndGlobalSection
EndGlobal
